
Microsoft Visual Studio Solution File, Format Version 12.00
# Visual Studio Version 17
VisualStudioVersion = 17.12.35506.116
MinimumVisualStudioVersion = 10.0.40219.1
Project("{2150E333-8FDC-42A3-9474-1A3956D46DE8}") = "src", "src", "{91E7DDFD-7504-4A2C-B082-C3FD302ECFDD}"
EndProject
Project("{FAE04EC0-301F-11D3-BF4B-00C04F79EFBC}") = "Cashly.Api", "src\Cashly.Api\Cashly.Api.csproj", "{76B62BDC-6AF5-4B46-A2AD-E62528280573}"
	ProjectSection(ProjectDependencies) = postProject
		{6C400C25-59E6-4D3F-9850-D688B385ADAC} = {6C400C25-59E6-4D3F-9850-D688B385ADAC}
		{883184DB-4FCC-4AFA-8806-F8506A18965C} = {883184DB-4FCC-4AFA-8806-F8506A18965C}
		{ABC627B0-8D34-4325-B786-D5361E97AA6B} = {ABC627B0-8D34-4325-B786-D5361E97AA6B}
		{E9322ED1-2F15-40EA-AFFC-DB9955030289} = {E9322ED1-2F15-40EA-AFFC-DB9955030289}
	EndProjectSection
EndProject
Project("{FAE04EC0-301F-11D3-BF4B-00C04F79EFBC}") = "Cashly.Domain", "src\Cashly.Domain\Cashly.Domain.csproj", "{9368BDBD-710A-408D-B8AA-215D9B5AB3C0}"
EndProject
Project("{FAE04EC0-301F-11D3-BF4B-00C04F79EFBC}") = "Cashly.Application", "src\Cashly.Application\Cashly.Application.csproj", "{6C400C25-59E6-4D3F-9850-D688B385ADAC}"
	ProjectSection(ProjectDependencies) = postProject
		{883184DB-4FCC-4AFA-8806-F8506A18965C} = {883184DB-4FCC-4AFA-8806-F8506A18965C}
		{9368BDBD-710A-408D-B8AA-215D9B5AB3C0} = {9368BDBD-710A-408D-B8AA-215D9B5AB3C0}
		{E9322ED1-2F15-40EA-AFFC-DB9955030289} = {E9322ED1-2F15-40EA-AFFC-DB9955030289}
	EndProjectSection
EndProject
Project("{FAE04EC0-301F-11D3-BF4B-00C04F79EFBC}") = "Cashly.Communication", "src\Cashly.Communication\Cashly.Communication.csproj", "{E9322ED1-2F15-40EA-AFFC-DB9955030289}"
EndProject
Project("{FAE04EC0-301F-11D3-BF4B-00C04F79EFBC}") = "Cashly.Exception", "src\Cashly.Exception\Cashly.Exception.csproj", "{883184DB-4FCC-4AFA-8806-F8506A18965C}"
EndProject
Project("{FAE04EC0-301F-11D3-BF4B-00C04F79EFBC}") = "Cashly.Infrastructure", "src\Cashly.Infrastructure\Cashly.Infrastructure.csproj", "{ABC627B0-8D34-4325-B786-D5361E97AA6B}"
EndProject
Project("{2150E333-8FDC-42A3-9474-1A3956D46DE8}") = "Tests", "Tests", "{55B1187A-9512-48E6-8AC1-8C2172492C9E}"
EndProject
Project("{FAE04EC0-301F-11D3-BF4B-00C04F79EFBC}") = "Cashly.Aplication.Tests", "tests\Cashly.Aplication.Tests\Cashly.Aplication.Tests.csproj", "{6088D39D-BE93-4ADE-A9A1-3AE28E4187CE}"
EndProject
Project("{FAE04EC0-301F-11D3-BF4B-00C04F79EFBC}") = "Cashly.Domain.Tests", "tests\Cashly.Domain.Tests\Cashly.Domain.Tests.csproj", "{BBD530EC-8D6F-4E95-9D48-4CE70210EAF7}"
EndProject
Project("{FAE04EC0-301F-11D3-BF4B-00C04F79EFBC}") = "Cashly.TestDataBuilder", "tests\Cashly.TestDataBuilder\Cashly.TestDataBuilder.csproj", "{922C59E3-EFA0-40EA-8B49-6A6374A2D195}"
EndProject
Global
	GlobalSection(SolutionConfigurationPlatforms) = preSolution
		Debug|Any CPU = Debug|Any CPU
		Release|Any CPU = Release|Any CPU
	EndGlobalSection
	GlobalSection(ProjectConfigurationPlatforms) = postSolution
		{76B62BDC-6AF5-4B46-A2AD-E62528280573}.Debug|Any CPU.ActiveCfg = Debug|Any CPU
		{76B62BDC-6AF5-4B46-A2AD-E62528280573}.Debug|Any CPU.Build.0 = Debug|Any CPU
		{76B62BDC-6AF5-4B46-A2AD-E62528280573}.Release|Any CPU.ActiveCfg = Release|Any CPU
		{76B62BDC-6AF5-4B46-A2AD-E62528280573}.Release|Any CPU.Build.0 = Release|Any CPU
		{9368BDBD-710A-408D-B8AA-215D9B5AB3C0}.Debug|Any CPU.ActiveCfg = Debug|Any CPU
		{9368BDBD-710A-408D-B8AA-215D9B5AB3C0}.Debug|Any CPU.Build.0 = Debug|Any CPU
		{9368BDBD-710A-408D-B8AA-215D9B5AB3C0}.Release|Any CPU.ActiveCfg = Release|Any CPU
		{9368BDBD-710A-408D-B8AA-215D9B5AB3C0}.Release|Any CPU.Build.0 = Release|Any CPU
		{6C400C25-59E6-4D3F-9850-D688B385ADAC}.Debug|Any CPU.ActiveCfg = Debug|Any CPU
		{6C400C25-59E6-4D3F-9850-D688B385ADAC}.Debug|Any CPU.Build.0 = Debug|Any CPU
		{6C400C25-59E6-4D3F-9850-D688B385ADAC}.Release|Any CPU.ActiveCfg = Release|Any CPU
		{6C400C25-59E6-4D3F-9850-D688B385ADAC}.Release|Any CPU.Build.0 = Release|Any CPU
		{E9322ED1-2F15-40EA-AFFC-DB9955030289}.Debug|Any CPU.ActiveCfg = Debug|Any CPU
		{E9322ED1-2F15-40EA-AFFC-DB9955030289}.Debug|Any CPU.Build.0 = Debug|Any CPU
		{E9322ED1-2F15-40EA-AFFC-DB9955030289}.Release|Any CPU.ActiveCfg = Release|Any CPU
		{E9322ED1-2F15-40EA-AFFC-DB9955030289}.Release|Any CPU.Build.0 = Release|Any CPU
		{883184DB-4FCC-4AFA-8806-F8506A18965C}.Debug|Any CPU.ActiveCfg = Debug|Any CPU
		{883184DB-4FCC-4AFA-8806-F8506A18965C}.Debug|Any CPU.Build.0 = Debug|Any CPU
		{883184DB-4FCC-4AFA-8806-F8506A18965C}.Release|Any CPU.ActiveCfg = Release|Any CPU
		{883184DB-4FCC-4AFA-8806-F8506A18965C}.Release|Any CPU.Build.0 = Release|Any CPU
		{ABC627B0-8D34-4325-B786-D5361E97AA6B}.Debug|Any CPU.ActiveCfg = Debug|Any CPU
		{ABC627B0-8D34-4325-B786-D5361E97AA6B}.Debug|Any CPU.Build.0 = Debug|Any CPU
		{ABC627B0-8D34-4325-B786-D5361E97AA6B}.Release|Any CPU.ActiveCfg = Release|Any CPU
		{ABC627B0-8D34-4325-B786-D5361E97AA6B}.Release|Any CPU.Build.0 = Release|Any CPU
		{6088D39D-BE93-4ADE-A9A1-3AE28E4187CE}.Debug|Any CPU.ActiveCfg = Debug|Any CPU
		{6088D39D-BE93-4ADE-A9A1-3AE28E4187CE}.Debug|Any CPU.Build.0 = Debug|Any CPU
		{6088D39D-BE93-4ADE-A9A1-3AE28E4187CE}.Release|Any CPU.ActiveCfg = Release|Any CPU
		{6088D39D-BE93-4ADE-A9A1-3AE28E4187CE}.Release|Any CPU.Build.0 = Release|Any CPU
		{BBD530EC-8D6F-4E95-9D48-4CE70210EAF7}.Debug|Any CPU.ActiveCfg = Debug|Any CPU
		{BBD530EC-8D6F-4E95-9D48-4CE70210EAF7}.Debug|Any CPU.Build.0 = Debug|Any CPU
		{BBD530EC-8D6F-4E95-9D48-4CE70210EAF7}.Release|Any CPU.ActiveCfg = Release|Any CPU
		{BBD530EC-8D6F-4E95-9D48-4CE70210EAF7}.Release|Any CPU.Build.0 = Release|Any CPU
		{922C59E3-EFA0-40EA-8B49-6A6374A2D195}.Debug|Any CPU.ActiveCfg = Debug|Any CPU
		{922C59E3-EFA0-40EA-8B49-6A6374A2D195}.Debug|Any CPU.Build.0 = Debug|Any CPU
		{922C59E3-EFA0-40EA-8B49-6A6374A2D195}.Release|Any CPU.ActiveCfg = Release|Any CPU
		{922C59E3-EFA0-40EA-8B49-6A6374A2D195}.Release|Any CPU.Build.0 = Release|Any CPU
	EndGlobalSection
	GlobalSection(SolutionProperties) = preSolution
		HideSolutionNode = FALSE
	EndGlobalSection
	GlobalSection(NestedProjects) = preSolution
		{76B62BDC-6AF5-4B46-A2AD-E62528280573} = {91E7DDFD-7504-4A2C-B082-C3FD302ECFDD}
		{9368BDBD-710A-408D-B8AA-215D9B5AB3C0} = {91E7DDFD-7504-4A2C-B082-C3FD302ECFDD}
		{6C400C25-59E6-4D3F-9850-D688B385ADAC} = {91E7DDFD-7504-4A2C-B082-C3FD302ECFDD}
		{E9322ED1-2F15-40EA-AFFC-DB9955030289} = {91E7DDFD-7504-4A2C-B082-C3FD302ECFDD}
		{883184DB-4FCC-4AFA-8806-F8506A18965C} = {91E7DDFD-7504-4A2C-B082-C3FD302ECFDD}
		{ABC627B0-8D34-4325-B786-D5361E97AA6B} = {91E7DDFD-7504-4A2C-B082-C3FD302ECFDD}
		{6088D39D-BE93-4ADE-A9A1-3AE28E4187CE} = {55B1187A-9512-48E6-8AC1-8C2172492C9E}
		{BBD530EC-8D6F-4E95-9D48-4CE70210EAF7} = {55B1187A-9512-48E6-8AC1-8C2172492C9E}
		{922C59E3-EFA0-40EA-8B49-6A6374A2D195} = {55B1187A-9512-48E6-8AC1-8C2172492C9E}
	EndGlobalSection
EndGlobal
